// !$*UTF8*$!
{
	archiveVersion = 1;
	classes = {
	};
	objectVersion = 55;
	objects = {

/* Begin PBXBuildFile section */
		C28BD08F2810A3EF00F4B95F /* AppDelegate.swift in Sources */ = {isa = PBXBuildFile; fileRef = C28BD08E2810A3EF00F4B95F /* AppDelegate.swift */; };
		C28BD0912810A3EF00F4B95F /* SceneDelegate.swift in Sources */ = {isa = PBXBuildFile; fileRef = C28BD0902810A3EF00F4B95F /* SceneDelegate.swift */; };
		C28BD0932810A3EF00F4B95F /* ViewController.swift in Sources */ = {isa = PBXBuildFile; fileRef = C28BD0922810A3EF00F4B95F /* ViewController.swift */; };
		C28BD0962810A3EF00F4B95F /* Main.storyboard in Resources */ = {isa = PBXBuildFile; fileRef = C28BD0942810A3EF00F4B95F /* Main.storyboard */; };
		C28BD0982810A3EF00F4B95F /* Assets.xcassets in Resources */ = {isa = PBXBuildFile; fileRef = C28BD0972810A3EF00F4B95F /* Assets.xcassets */; };
		C28BD09B2810A3EF00F4B95F /* LaunchScreen.storyboard in Resources */ = {isa = PBXBuildFile; fileRef = C28BD0992810A3EF00F4B95F /* LaunchScreen.storyboard */; };
		C28BD0A72810A46700F4B95F /* NLab in Frameworks */ = {isa = PBXBuildFile; productRef = C28BD0A62810A46700F4B95F /* NLab */; };
/* End PBXBuildFile section */

/* Begin PBXFileReference section */
		C28BD08B2810A3EF00F4B95F /* NLabLocalExample.app */ = {isa = PBXFileReference; explicitFileType = wrapper.application; includeInIndex = 0; path = NLabLocalExample.app; sourceTree = BUILT_PRODUCTS_DIR; };
		C28BD08E2810A3EF00F4B95F /* AppDelegate.swift */ = {isa = PBXFileReference; lastKnownFileType = sourcecode.swift; path = AppDelegate.swift; sourceTree = "<group>"; };
		C28BD0902810A3EF00F4B95F /* SceneDelegate.swift */ = {isa = PBXFileReference; lastKnownFileType = sourcecode.swift; path = SceneDelegate.swift; sourceTree = "<group>"; };
		C28BD0922810A3EF00F4B95F /* ViewController.swift */ = {isa = PBXFileReference; lastKnownFileType = sourcecode.swift; path = ViewController.swift; sourceTree = "<group>"; };
		C28BD0952810A3EF00F4B95F /* Base */ = {isa = PBXFileReference; lastKnownFileType = file.storyboard; name = Base; path = Base.lproj/Main.storyboard; sourceTree = "<group>"; };
		C28BD0972810A3EF00F4B95F /* Assets.xcassets */ = {isa = PBXFileReference; lastKnownFileType = folder.assetcatalog; path = Assets.xcassets; sourceTree = "<group>"; };
		C28BD09A2810A3EF00F4B95F /* Base */ = {isa = PBXFileReference; lastKnownFileType = file.storyboard; name = Base; path = Base.lproj/LaunchScreen.storyboard; sourceTree = "<group>"; };
		C28BD09C2810A3EF00F4B95F /* Info.plist */ = {isa = PBXFileReference; lastKnownFileType = text.plist.xml; path = Info.plist; sourceTree = "<group>"; };
		C28BD0A32810A41B00F4B95F /* NLab */ = {isa = PBXFileReference; lastKnownFileType = wrapper; name = NLab; path = ../NLab; sourceTree = "<group>"; };
/* End PBXFileReference section */

/* Begin PBXFrameworksBuildPhase section */
		C28BD0882810A3EF00F4B95F /* Frameworks */ = {
			isa = PBXFrameworksBuildPhase;
			buildActionMask = 2147483647;
			files = (
				C28BD0A72810A46700F4B95F /* NLab in Frameworks */,
			);
			runOnlyForDeploymentPostprocessing = 0;
		};
/* End PBXFrameworksBuildPhase section */

/* Begin PBXGroup section */
		C28BD0822810A3EF00F4B95F = {
			isa = PBXGroup;
			children = (
				C28BD0A22810A41B00F4B95F /* Packages */,
				C28BD08D2810A3EF00F4B95F /* NLabLocalExample */,
				C28BD08C2810A3EF00F4B95F /* Products */,
				C28BD0A52810A46700F4B95F /* Frameworks */,
			);
			sourceTree = "<group>";
		};
		C28BD08C2810A3EF00F4B95F /* Products */ = {
			isa = PBXGroup;
			children = (
				C28BD08B2810A3EF00F4B95F /* NLabLocalExample.app */,
			);
			name = Products;
			sourceTree = "<group>";
		};
		C28BD08D2810A3EF00F4B95F /* NLabLocalExample */ = {
			isa = PBXGroup;
			children = (
				C28BD08E2810A3EF00F4B95F /* AppDelegate.swift */,
				C28BD0902810A3EF00F4B95F /* SceneDelegate.swift */,
				C28BD0922810A3EF00F4B95F /* ViewController.swift */,
				C28BD0942810A3EF00F4B95F /* Main.storyboard */,
				C28BD0972810A3EF00F4B95F /* Assets.xcassets */,
				C28BD0992810A3EF00F4B95F /* LaunchScreen.storyboard */,
				C28BD09C2810A3EF00F4B95F /* Info.plist */,
			);
			path = NLabLocalExample;
			sourceTree = "<group>";
		};
		C28BD0A22810A41B00F4B95F /* Packages */ = {
			isa = PBXGroup;
			children = (
				C28BD0A32810A41B00F4B95F /* NLab */,
			);
			name = Packages;
			sourceTree = "<group>";
		};
		C28BD0A52810A46700F4B95F /* Frameworks */ = {
			isa = PBXGroup;
			children = (
			);
			name = Frameworks;
			sourceTree = "<group>";
		};
/* End PBXGroup section */

/* Begin PBXNativeTarget section */
		C28BD08A2810A3EF00F4B95F /* NLabLocalExample */ = {
			isa = PBXNativeTarget;
			buildConfigurationList = C28BD09F2810A3EF00F4B95F /* Build configuration list for PBXNativeTarget "NLabLocalExample" */;
			buildPhases = (
				C28BD0872810A3EF00F4B95F /* Sources */,
				C28BD0882810A3EF00F4B95F /* Frameworks */,
				C28BD0892810A3EF00F4B95F /* Resources */,
			);
			buildRules = (
			);
			dependencies = (
			);
			name = NLabLocalExample;
			packageProductDependencies = (
				C28BD0A62810A46700F4B95F /* NLab */,
			);
			productName = NLabLocalExample;
			productReference = C28BD08B2810A3EF00F4B95F /* NLabLocalExample.app */;
			productType = "com.apple.product-type.application";
		};
/* End PBXNativeTarget section */

/* Begin PBXProject section */
		C28BD0832810A3EF00F4B95F /* Project object */ = {
			isa = PBXProject;
			attributes = {
				BuildIndependentTargetsInParallel = 1;
				LastSwiftUpdateCheck = 1320;
				LastUpgradeCheck = 1320;
				TargetAttributes = {
					C28BD08A2810A3EF00F4B95F = {
						CreatedOnToolsVersion = 13.2.1;
					};
				};
			};
			buildConfigurationList = C28BD0862810A3EF00F4B95F /* Build configuration list for PBXProject "NLabLocalExample" */;
			compatibilityVersion = "Xcode 13.0";
			developmentRegion = en;
			hasScannedForEncodings = 0;
			knownRegions = (
				en,
				Base,
			);
			mainGroup = C28BD0822810A3EF00F4B95F;
			productRefGroup = C28BD08C2810A3EF00F4B95F /* Products */;
			projectDirPath = "";
			projectRoot = "";
			targets = (
				C28BD08A2810A3EF00F4B95F /* NLabLocalExample */,
			);
		};
/* End PBXProject section */

/* Begin PBXResourcesBuildPhase section */
		C28BD0892810A3EF00F4B95F /* Resources */ = {
			isa = PBXResourcesBuildPhase;
			buildActionMask = 2147483647;
			files = (
				C28BD09B2810A3EF00F4B95F /* LaunchScreen.storyboard in Resources */,
				C28BD0982810A3EF00F4B95F /* Assets.xcassets in Resources */,
				C28BD0962810A3EF00F4B95F /* Main.storyboard in Resources */,
			);
			runOnlyForDeploymentPostprocessing = 0;
		};
/* End PBXResourcesBuildPhase section */

/* Begin PBXSourcesBuildPhase section */
		C28BD0872810A3EF00F4B95F /* Sources */ = {
			isa = PBXSourcesBuildPhase;
			buildActionMask = 2147483647;
			files = (
				C28BD0932810A3EF00F4B95F /* ViewController.swift in Sources */,
				C28BD08F2810A3EF00F4B95F /* AppDelegate.swift in Sources */,
				C28BD0912810A3EF00F4B95F /* SceneDelegate.swift in Sources */,
			);
			runOnlyForDeploymentPostprocessing = 0;
		};
/* End PBXSourcesBuildPhase section */

/* Begin PBXVariantGroup section */
		C28BD0942810A3EF00F4B95F /* Main.storyboard */ = {
			isa = PBXVariantGroup;
			children = (
				C28BD0952810A3EF00F4B95F /* Base */,
			);
			name = Main.storyboard;
			sourceTree = "<group>";
		};
		C28BD0992810A3EF00F4B95F /* LaunchScreen.storyboard */ = {
			isa = PBXVariantGroup;
			children = (
				C28BD09A2810A3EF00F4B95F /* Base */,
			);
			name = LaunchScreen.storyboard;
			sourceTree = "<group>";
		};
/* End PBXVariantGroup section */

/* Begin XCBuildConfiguration section */
		C28BD09D2810A3EF00F4B95F /* Debug */ = {
			isa = XCBuildConfiguration;
			buildSettings = {
				ALWAYS_SEARCH_USER_PATHS = NO;
				CLANG_ANALYZER_NONNULL = YES;
				CLANG_ANALYZER_NUMBER_OBJECT_CONVERSION = YES_AGGRESSIVE;
				CLANG_CXX_LANGUAGE_STANDARD = "gnu++17";
				CLANG_CXX_LIBRARY = "libc++";
				CLANG_ENABLE_MODULES = YES;
				CLANG_ENABLE_OBJC_ARC = YES;
				CLANG_ENABLE_OBJC_WEAK = YES;
				CLANG_WARN_BLOCK_CAPTURE_AUTORELEASING = YES;
				CLANG_WARN_BOOL_CONVERSION = YES;
				CLANG_WARN_COMMA = YES;
				CLANG_WARN_CONSTANT_CONVERSION = YES;
				CLANG_WARN_DEPRECATED_OBJC_IMPLEMENTATIONS = YES;
				CLANG_WARN_DIRECT_OBJC_ISA_USAGE = YES_ERROR;
				CLANG_WARN_DOCUMENTATION_COMMENTS = YES;
				CLANG_WARN_EMPTY_BODY = YES;
				CLANG_WARN_ENUM_CONVERSION = YES;
				CLANG_WARN_INFINITE_RECURSION = YES;
				CLANG_WARN_INT_CONVERSION = YES;
				CLANG_WARN_NON_LITERAL_NULL_CONVERSION = YES;
				CLANG_WARN_OBJC_IMPLICIT_RETAIN_SELF = YES;
				CLANG_WARN_OBJC_LITERAL_CONVERSION = YES;
				CLANG_WARN_OBJC_ROOT_CLASS = YES_ERROR;
				CLANG_WARN_QUOTED_INCLUDE_IN_FRAMEWORK_HEADER = YES;
				CLANG_WARN_RANGE_LOOP_ANALYSIS = YES;
				CLANG_WARN_STRICT_PROTOTYPES = YES;
				CLANG_WARN_SUSPICIOUS_MOVE = YES;
				CLANG_WARN_UNGUARDED_AVAILABILITY = YES_AGGRESSIVE;
				CLANG_WARN_UNREACHABLE_CODE = YES;
				CLANG_WARN__DUPLICATE_METHOD_MATCH = YES;
				COPY_PHASE_STRIP = NO;
				DEBUG_INFORMATION_FORMAT = dwarf;
				ENABLE_STRICT_OBJC_MSGSEND = YES;
				ENABLE_TESTABILITY = YES;
				GCC_C_LANGUAGE_STANDARD = gnu11;
				GCC_DYNAMIC_NO_PIC = NO;
				GCC_NO_COMMON_BLOCKS = YES;
				GCC_OPTIMIZATION_LEVEL = 0;
				GCC_PREPROCESSOR_DEFINITIONS = (
					"DEBUG=1",
					"$(inherited)",
				);
				GCC_WARN_64_TO_32_BIT_CONVERSION = YES;
				GCC_WARN_ABOUT_RETURN_TYPE = YES_ERROR;
				GCC_WARN_UNDECLARED_SELECTOR = YES;
				GCC_WARN_UNINITIALIZED_AUTOS = YES_AGGRESSIVE;
				GCC_WARN_UNUSED_FUNCTION = YES;
				GCC_WARN_UNUSED_VARIABLE = YES;
				IPHONEOS_DEPLOYMENT_TARGET = 15.2;
				MTL_ENABLE_DEBUG_INFO = INCLUDE_SOURCE;
				MTL_FAST_MATH = YES;
				ONLY_ACTIVE_ARCH = YES;
				SDKROOT = iphoneos;
				SWIFT_ACTIVE_COMPILATION_CONDITIONS = DEBUG;
				SWIFT_OPTIMIZATION_LEVEL = "-Onone";
			};
			name = Debug;
		};
		C28BD09E2810A3EF00F4B95F /* Release */ = {
			isa = XCBuildConfiguration;
			buildSettings = {
				ALWAYS_SEARCH_USER_PATHS = NO;
				CLANG_ANALYZER_NONNULL = YES;
				CLANG_ANALYZER_NUMBER_OBJECT_CONVERSION = YES_AGGRESSIVE;
				CLANG_CXX_LANGUAGE_STANDARD = "gnu++17";
				CLANG_CXX_LIBRARY = "libc++";
				CLANG_ENABLE_MODULES = YES;
				CLANG_ENABLE_OBJC_ARC = YES;
				CLANG_ENABLE_OBJC_WEAK = YES;
				CLANG_WARN_BLOCK_CAPTURE_AUTORELEASING = YES;
				CLANG_WARN_BOOL_CONVERSION = YES;
				CLANG_WARN_COMMA = YES;
				CLANG_WARN_CONSTANT_CONVERSION = YES;
				CLANG_WARN_DEPRECATED_OBJC_IMPLEMENTATIONS = YES;
				CLANG_WARN_DIRECT_OBJC_ISA_USAGE = YES_ERROR;
				CLANG_WARN_DOCUMENTATION_COMMENTS = YES;
				CLANG_WARN_EMPTY_BODY = YES;
				CLANG_WARN_ENUM_CONVERSION = YES;
				CLANG_WARN_INFINITE_RECURSION = YES;
				CLANG_WARN_INT_CONVERSION = YES;
				CLANG_WARN_NON_LITERAL_NULL_CONVERSION = YES;
				CLANG_WARN_OBJC_IMPLICIT_RETAIN_SELF = YES;
				CLANG_WARN_OBJC_LITERAL_CONVERSION = YES;
				CLANG_WARN_OBJC_ROOT_CLASS = YES_ERROR;
				CLANG_WARN_QUOTED_INCLUDE_IN_FRAMEWORK_HEADER = YES;
				CLANG_WARN_RANGE_LOOP_ANALYSIS = YES;
				CLANG_WARN_STRICT_PROTOTYPES = YES;
				CLANG_WARN_SUSPICIOUS_MOVE = YES;
				CLANG_WARN_UNGUARDED_AVAILABILITY = YES_AGGRESSIVE;
				CLANG_WARN_UNREACHABLE_CODE = YES;
				CLANG_WARN__DUPLICATE_METHOD_MATCH = YES;
				COPY_PHASE_STRIP = NO;
				DEBUG_INFORMATION_FORMAT = "dwarf-with-dsym";
				ENABLE_NS_ASSERTIONS = NO;
				ENABLE_STRICT_OBJC_MSGSEND = YES;
				GCC_C_LANGUAGE_STANDARD = gnu11;
				GCC_NO_COMMON_BLOCKS = YES;
				GCC_WARN_64_TO_32_BIT_CONVERSION = YES;
				GCC_WARN_ABOUT_RETURN_TYPE = YES_ERROR;
				GCC_WARN_UNDECLARED_SELECTOR = YES;
				GCC_WARN_UNINITIALIZED_AUTOS = YES_AGGRESSIVE;
				GCC_WARN_UNUSED_FUNCTION = YES;
				GCC_WARN_UNUSED_VARIABLE = YES;
				IPHONEOS_DEPLOYMENT_TARGET = 15.2;
				MTL_ENABLE_DEBUG_INFO = NO;
				MTL_FAST_MATH = YES;
				SDKROOT = iphoneos;
				SWIFT_COMPILATION_MODE = wholemodule;
				SWIFT_OPTIMIZATION_LEVEL = "-O";
				VALIDATE_PRODUCT = YES;
			};
			name = Release;
		};
		C28BD0A02810A3EF00F4B95F /* Debug */ = {
			isa = XCBuildConfiguration;
			buildSettings = {
				ASSETCATALOG_COMPILER_APPICON_NAME = AppIcon;
				ASSETCATALOG_COMPILER_GLOBAL_ACCENT_COLOR_NAME = AccentColor;
				CODE_SIGN_STYLE = Automatic;
				CURRENT_PROJECT_VERSION = 1;
				DEVELOPMENT_TEAM = 5K58H4LW33;
				GENERATE_INFOPLIST_FILE = YES;
				INFOPLIST_FILE = NLabLocalExample/Info.plist;
				INFOPLIST_KEY_UIApplicationSupportsIndirectInputEvents = YES;
				INFOPLIST_KEY_UILaunchStoryboardName = LaunchScreen;
				INFOPLIST_KEY_UIMainStoryboardFile = Main;
				INFOPLIST_KEY_UISupportedInterfaceOrientations_iPad = "UIInterfaceOrientationPortrait UIInterfaceOrientationPortraitUpsideDown UIInterfaceOrientationLandscapeLeft UIInterfaceOrientationLandscapeRight";
				INFOPLIST_KEY_UISupportedInterfaceOrientations_iPhone = "UIInterfaceOrientationPortrait UIInterfaceOrientationLandscapeLeft UIInterfaceOrientationLandscapeRight";
				LD_RUNPATH_SEARCH_PATHS = (
					"$(inherited)",
					"@executable_path/Frameworks",
				);
				MARKETING_VERSION = 1.0;
				PRODUCT_BUNDLE_IDENTIFIER = com.yasinkbas.NLabLocalExample;
				PRODUCT_NAME = "$(TARGET_NAME)";
				SWIFT_EMIT_LOC_STRINGS = YES;
				SWIFT_VERSION = 5.0;
				TARGETED_DEVICE_FAMILY = "1,2";
			};
			name = Debug;
		};
		C28BD0A12810A3EF00F4B95F /* Release */ = {
			isa = XCBuildConfiguration;
			buildSettings = {
				ASSETCATALOG_COMPILER_APPICON_NAME = AppIcon;
				ASSETCATALOG_COMPILER_GLOBAL_ACCENT_COLOR_NAME = AccentColor;
				CODE_SIGN_STYLE = Automatic;
				CURRENT_PROJECT_VERSION = 1;
				DEVELOPMENT_TEAM = 5K58H4LW33;
				GENERATE_INFOPLIST_FILE = YES;
				INFOPLIST_FILE = NLabLocalExample/Info.plist;
				INFOPLIST_KEY_UIApplicationSupportsIndirectInputEvents = YES;
				INFOPLIST_KEY_UILaunchStoryboardName = LaunchScreen;
				INFOPLIST_KEY_UIMainStoryboardFile = Main;
				INFOPLIST_KEY_UISupportedInterfaceOrientations_iPad = "UIInterfaceOrientationPortrait UIInterfaceOrientationPortraitUpsideDown UIInterfaceOrientationLandscapeLeft UIInterfaceOrientationLandscapeRight";
				INFOPLIST_KEY_UISupportedInterfaceOrientations_iPhone = "UIInterfaceOrientationPortrait UIInterfaceOrientationLandscapeLeft UIInterfaceOrientationLandscapeRight";
				LD_RUNPATH_SEARCH_PATHS = (
					"$(inherited)",
					"@executable_path/Frameworks",
				);
				MARKETING_VERSION = 1.0;
				PRODUCT_BUNDLE_IDENTIFIER = com.yasinkbas.NLabLocalExample;
				PRODUCT_NAME = "$(TARGET_NAME)";
				SWIFT_EMIT_LOC_STRINGS = YES;
				SWIFT_VERSION = 5.0;
				TARGETED_DEVICE_FAMILY = "1,2";
			};
			name = Release;
		};
/* End XCBuildConfiguration section */

/* Begin XCConfigurationList section */
		C28BD0862810A3EF00F4B95F /* Build configuration list for PBXProject "NLabLocalExample" */ = {
			isa = XCConfigurationList;
			buildConfigurations = (
				C28BD09D2810A3EF00F4B95F /* Debug */,
				C28BD09E2810A3EF00F4B95F /* Release */,
			);
			defaultConfigurationIsVisible = 0;
			defaultConfigurationName = Release;
		};
		C28BD09F2810A3EF00F4B95F /* Build configuration list for PBXNativeTarget "NLabLocalExample" */ = {
			isa = XCConfigurationList;
			buildConfigurations = (
				C28BD0A02810A3EF00F4B95F /* Debug */,
				C28BD0A12810A3EF00F4B95F /* Release */,
			);
			defaultConfigurationIsVisible = 0;
			defaultConfigurationName = Release;
		};
/* End XCConfigurationList section */

/* Begin XCSwiftPackageProductDependency section */
		C28BD0A62810A46700F4B95F /* NLab */ = {
			isa = XCSwiftPackageProductDependency;
			productName = NLab;
		};
/* End XCSwiftPackageProductDependency section */
	};
	rootObject = C28BD0832810A3EF00F4B95F /* Project object */;
}
